// !$*UTF8*$!
{
	archiveVersion = 1;
	classes = {
	};
	objectVersion = 55;
	objects = {

/* Begin PBXBuildFile section */
		8A225B4A28AA66ED00FBE1E4 /* AppDelegate.swift in Sources */ = {isa = PBXBuildFile; fileRef = 8A225B4928AA66ED00FBE1E4 /* AppDelegate.swift */; };
		8A225B4E28AA66ED00FBE1E4 /* MainViewController.swift in Sources */ = {isa = PBXBuildFile; fileRef = 8A225B4D28AA66ED00FBE1E4 /* MainViewController.swift */; };
		8A225B5428AA66ED00FBE1E4 /* PersonModel.xcdatamodeld in Sources */ = {isa = PBXBuildFile; fileRef = 8A225B5228AA66ED00FBE1E4 /* PersonModel.xcdatamodeld */; };
		8A225B5628AA66EE00FBE1E4 /* Assets.xcassets in Resources */ = {isa = PBXBuildFile; fileRef = 8A225B5528AA66EE00FBE1E4 /* Assets.xcassets */; };
		8A225B5928AA66EE00FBE1E4 /* LaunchScreen.storyboard in Resources */ = {isa = PBXBuildFile; fileRef = 8A225B5728AA66EE00FBE1E4 /* LaunchScreen.storyboard */; };
		8A225B6528AAB0CB00FBE1E4 /* DetailViewController.swift in Sources */ = {isa = PBXBuildFile; fileRef = 8A225B6428AAB0CB00FBE1E4 /* DetailViewController.swift */; };
		8A225B6828ABCF1C00FBE1E4 /* SnapKit in Frameworks */ = {isa = PBXBuildFile; productRef = 8A225B6728ABCF1C00FBE1E4 /* SnapKit */; };
		8A366F7528AE402F004457D1 /* TextField+Ext.swift in Sources */ = {isa = PBXBuildFile; fileRef = 8A366F7428AE402F004457D1 /* TextField+Ext.swift */; };
		8A366F8328B3DD72004457D1 /* Person+CoreDataClass.swift in Sources */ = {isa = PBXBuildFile; fileRef = 8A366F8128B3DD72004457D1 /* Person+CoreDataClass.swift */; };
		8A366F9328B8A723004457D1 /* StorageManager.swift in Sources */ = {isa = PBXBuildFile; fileRef = 8A366F9228B8A723004457D1 /* StorageManager.swift */; };
		8A366F9528B9660E004457D1 /* Date+String+Ext.swift in Sources */ = {isa = PBXBuildFile; fileRef = 8A366F9428B9660E004457D1 /* Date+String+Ext.swift */; };
		8A366F9728BA3107004457D1 /* MainPresenter.swift in Sources */ = {isa = PBXBuildFile; fileRef = 8A366F9628BA3107004457D1 /* MainPresenter.swift */; };
		8A366F9B28BAAEC9004457D1 /* Person+CoreDataProperties.swift in Sources */ = {isa = PBXBuildFile; fileRef = 8A366F9928BAAEC9004457D1 /* Person+CoreDataProperties.swift */; };
		8A366F9D28BABDC4004457D1 /* DetailPresenter.swift in Sources */ = {isa = PBXBuildFile; fileRef = 8A366F9C28BABDC4004457D1 /* DetailPresenter.swift */; };
		8AE778CA28BB987700414BD4 /* Assembly.swift in Sources */ = {isa = PBXBuildFile; fileRef = 8AE778C928BB987700414BD4 /* Assembly.swift */; };
		8AE778CE28BBB1AF00414BD4 /* Router.swift in Sources */ = {isa = PBXBuildFile; fileRef = 8AE778CD28BBB1AF00414BD4 /* Router.swift */; };
		8AF1791B28BBF59F0046FBA7 /* UIViewConroller+Ext.swift in Sources */ = {isa = PBXBuildFile; fileRef = 8AF1791A28BBF59F0046FBA7 /* UIViewConroller+Ext.swift */; };
		8AF1791D28BBF5E50046FBA7 /* UIImage+Ext.swift in Sources */ = {isa = PBXBuildFile; fileRef = 8AF1791C28BBF5E50046FBA7 /* UIImage+Ext.swift */; };
/* End PBXBuildFile section */

/* Begin PBXFileReference section */
		8A225B4628AA66ED00FBE1E4 /* iOS6-HW26-DmitryDorodniy.app */ = {isa = PBXFileReference; explicitFileType = wrapper.application; includeInIndex = 0; path = "iOS6-HW26-DmitryDorodniy.app"; sourceTree = BUILT_PRODUCTS_DIR; };
		8A225B4928AA66ED00FBE1E4 /* AppDelegate.swift */ = {isa = PBXFileReference; lastKnownFileType = sourcecode.swift; path = AppDelegate.swift; sourceTree = "<group>"; };
		8A225B4D28AA66ED00FBE1E4 /* MainViewController.swift */ = {isa = PBXFileReference; lastKnownFileType = sourcecode.swift; path = MainViewController.swift; sourceTree = "<group>"; };
		8A225B5328AA66ED00FBE1E4 /* iOS6_HW26_DmitryDorodniy.xcdatamodel */ = {isa = PBXFileReference; lastKnownFileType = wrapper.xcdatamodel; path = iOS6_HW26_DmitryDorodniy.xcdatamodel; sourceTree = "<group>"; };
		8A225B5528AA66EE00FBE1E4 /* Assets.xcassets */ = {isa = PBXFileReference; lastKnownFileType = folder.assetcatalog; path = Assets.xcassets; sourceTree = "<group>"; };
		8A225B5828AA66EE00FBE1E4 /* Base */ = {isa = PBXFileReference; lastKnownFileType = file.storyboard; name = Base; path = Base.lproj/LaunchScreen.storyboard; sourceTree = "<group>"; };
		8A225B5A28AA66EE00FBE1E4 /* Info.plist */ = {isa = PBXFileReference; lastKnownFileType = text.plist.xml; path = Info.plist; sourceTree = "<group>"; };
		8A225B6428AAB0CB00FBE1E4 /* DetailViewController.swift */ = {isa = PBXFileReference; lastKnownFileType = sourcecode.swift; path = DetailViewController.swift; sourceTree = "<group>"; };
		8A366F7428AE402F004457D1 /* TextField+Ext.swift */ = {isa = PBXFileReference; lastKnownFileType = sourcecode.swift; path = "TextField+Ext.swift"; sourceTree = "<group>"; };
		8A366F8128B3DD72004457D1 /* Person+CoreDataClass.swift */ = {isa = PBXFileReference; lastKnownFileType = sourcecode.swift; path = "Person+CoreDataClass.swift"; sourceTree = "<group>"; };
		8A366F9228B8A723004457D1 /* StorageManager.swift */ = {isa = PBXFileReference; lastKnownFileType = sourcecode.swift; path = StorageManager.swift; sourceTree = "<group>"; };
		8A366F9428B9660E004457D1 /* Date+String+Ext.swift */ = {isa = PBXFileReference; lastKnownFileType = sourcecode.swift; path = "Date+String+Ext.swift"; sourceTree = "<group>"; };
		8A366F9628BA3107004457D1 /* MainPresenter.swift */ = {isa = PBXFileReference; lastKnownFileType = sourcecode.swift; path = MainPresenter.swift; sourceTree = "<group>"; };
		8A366F9928BAAEC9004457D1 /* Person+CoreDataProperties.swift */ = {isa = PBXFileReference; lastKnownFileType = sourcecode.swift; name = "Person+CoreDataProperties.swift"; path = "../../../Person+CoreDataProperties.swift"; sourceTree = "<group>"; };
		8A366F9C28BABDC4004457D1 /* DetailPresenter.swift */ = {isa = PBXFileReference; lastKnownFileType = sourcecode.swift; path = DetailPresenter.swift; sourceTree = "<group>"; };
		8AE778C928BB987700414BD4 /* Assembly.swift */ = {isa = PBXFileReference; lastKnownFileType = sourcecode.swift; path = Assembly.swift; sourceTree = "<group>"; };
		8AE778CD28BBB1AF00414BD4 /* Router.swift */ = {isa = PBXFileReference; lastKnownFileType = sourcecode.swift; path = Router.swift; sourceTree = "<group>"; };
		8AF1791A28BBF59F0046FBA7 /* UIViewConroller+Ext.swift */ = {isa = PBXFileReference; lastKnownFileType = sourcecode.swift; path = "UIViewConroller+Ext.swift"; sourceTree = "<group>"; };
		8AF1791C28BBF5E50046FBA7 /* UIImage+Ext.swift */ = {isa = PBXFileReference; lastKnownFileType = sourcecode.swift; path = "UIImage+Ext.swift"; sourceTree = "<group>"; };
/* End PBXFileReference section */

/* Begin PBXFrameworksBuildPhase section */
		8A225B4328AA66ED00FBE1E4 /* Frameworks */ = {
			isa = PBXFrameworksBuildPhase;
			buildActionMask = 2147483647;
			files = (
				8A225B6828ABCF1C00FBE1E4 /* SnapKit in Frameworks */,
			);
			runOnlyForDeploymentPostprocessing = 0;
		};
/* End PBXFrameworksBuildPhase section */

/* Begin PBXGroup section */
		8A225B3D28AA66ED00FBE1E4 = {
			isa = PBXGroup;
			children = (
				8A225B4828AA66ED00FBE1E4 /* iOS6-HW26-DmitryDorodniy */,
				8A225B4728AA66ED00FBE1E4 /* Products */,
			);
			sourceTree = "<group>";
		};
		8A225B4728AA66ED00FBE1E4 /* Products */ = {
			isa = PBXGroup;
			children = (
				8A225B4628AA66ED00FBE1E4 /* iOS6-HW26-DmitryDorodniy.app */,
			);
			name = Products;
			sourceTree = "<group>";
		};
		8A225B4828AA66ED00FBE1E4 /* iOS6-HW26-DmitryDorodniy */ = {
			isa = PBXGroup;
			children = (
				8A225B6028AAABC600FBE1E4 /* Source */,
				8A225B6128AAABE200FBE1E4 /* Resource */,
			);
			path = "iOS6-HW26-DmitryDorodniy";
			sourceTree = "<group>";
		};
		8A225B6028AAABC600FBE1E4 /* Source */ = {
			isa = PBXGroup;
			children = (
				8A225B6228AAAC8500FBE1E4 /* App */,
				8AF1791528BBE9EF0046FBA7 /* Assembly */,
				8AF1791628BBEA050046FBA7 /* Router */,
				8A366F7628AE5091004457D1 /* Model */,
				8AF1791728BBED4E0046FBA7 /* Scenes */,
				8A366F9128B8A6A5004457D1 /* Services */,
				8A366F7E28AE6048004457D1 /* Extentions */,
			);
			path = Source;
			sourceTree = "<group>";
		};
		8A225B6128AAABE200FBE1E4 /* Resource */ = {
			isa = PBXGroup;
			children = (
				8A225B6328AAAD2200FBE1E4 /* Storyboards */,
				8A225B5228AA66ED00FBE1E4 /* PersonModel.xcdatamodeld */,
				8A225B5A28AA66EE00FBE1E4 /* Info.plist */,
				8A225B5528AA66EE00FBE1E4 /* Assets.xcassets */,
			);
			path = Resource;
			sourceTree = "<group>";
		};
		8A225B6228AAAC8500FBE1E4 /* App */ = {
			isa = PBXGroup;
			children = (
				8A225B4928AA66ED00FBE1E4 /* AppDelegate.swift */,
			);
			path = App;
			sourceTree = "<group>";
		};
		8A225B6328AAAD2200FBE1E4 /* Storyboards */ = {
			isa = PBXGroup;
			children = (
				8A225B5728AA66EE00FBE1E4 /* LaunchScreen.storyboard */,
			);
			path = Storyboards;
			sourceTree = "<group>";
		};
		8A366F7628AE5091004457D1 /* Model */ = {
			isa = PBXGroup;
			children = (
				8A366F8128B3DD72004457D1 /* Person+CoreDataClass.swift */,
				8A366F9928BAAEC9004457D1 /* Person+CoreDataProperties.swift */,
			);
			path = Model;
			sourceTree = "<group>";
		};
		8A366F7E28AE6048004457D1 /* Extentions */ = {
			isa = PBXGroup;
			children = (
				8A366F7428AE402F004457D1 /* TextField+Ext.swift */,
				8A366F9428B9660E004457D1 /* Date+String+Ext.swift */,
				8AF1791A28BBF59F0046FBA7 /* UIViewConroller+Ext.swift */,
				8AF1791C28BBF5E50046FBA7 /* UIImage+Ext.swift */,
			);
			path = Extentions;
			sourceTree = "<group>";
		};
		8A366F9128B8A6A5004457D1 /* Services */ = {
			isa = PBXGroup;
			children = (
				8A366F9228B8A723004457D1 /* StorageManager.swift */,
			);
			path = Services;
			sourceTree = "<group>";
		};
		8AF1791528BBE9EF0046FBA7 /* Assembly */ = {
			isa = PBXGroup;
			children = (
				8AE778C928BB987700414BD4 /* Assembly.swift */,
			);
			path = Assembly;
			sourceTree = "<group>";
		};
		8AF1791628BBEA050046FBA7 /* Router */ = {
			isa = PBXGroup;
			children = (
				8AE778CD28BBB1AF00414BD4 /* Router.swift */,
			);
			path = Router;
			sourceTree = "<group>";
		};
		8AF1791728BBED4E0046FBA7 /* Scenes */ = {
			isa = PBXGroup;
			children = (
				8AF1791828BBED7C0046FBA7 /* Main */,
				8AF1791928BBED860046FBA7 /* Detail */,
			);
			path = Scenes;
			sourceTree = "<group>";
		};
		8AF1791828BBED7C0046FBA7 /* Main */ = {
			isa = PBXGroup;
			children = (
				8A225B4D28AA66ED00FBE1E4 /* MainViewController.swift */,
				8A366F9628BA3107004457D1 /* MainPresenter.swift */,
			);
			path = Main;
			sourceTree = "<group>";
		};
		8AF1791928BBED860046FBA7 /* Detail */ = {
			isa = PBXGroup;
			children = (
				8A225B6428AAB0CB00FBE1E4 /* DetailViewController.swift */,
				8A366F9C28BABDC4004457D1 /* DetailPresenter.swift */,
			);
			path = Detail;
			sourceTree = "<group>";
		};
/* End PBXGroup section */

/* Begin PBXNativeTarget section */
		8A225B4528AA66ED00FBE1E4 /* iOS6-HW26-DmitryDorodniy */ = {
			isa = PBXNativeTarget;
			buildConfigurationList = 8A225B5D28AA66EE00FBE1E4 /* Build configuration list for PBXNativeTarget "iOS6-HW26-DmitryDorodniy" */;
			buildPhases = (
				8A225B4228AA66ED00FBE1E4 /* Sources */,
				8A225B4328AA66ED00FBE1E4 /* Frameworks */,
				8A225B4428AA66ED00FBE1E4 /* Resources */,
			);
			buildRules = (
			);
			dependencies = (
			);
			name = "iOS6-HW26-DmitryDorodniy";
			packageProductDependencies = (
				8A225B6728ABCF1C00FBE1E4 /* SnapKit */,
			);
			productName = "iOS6-HW26-DmitryDorodniy";
			productReference = 8A225B4628AA66ED00FBE1E4 /* iOS6-HW26-DmitryDorodniy.app */;
			productType = "com.apple.product-type.application";
		};
/* End PBXNativeTarget section */

/* Begin PBXProject section */
		8A225B3E28AA66ED00FBE1E4 /* Project object */ = {
			isa = PBXProject;
			attributes = {
				BuildIndependentTargetsInParallel = 1;
				LastSwiftUpdateCheck = 1340;
				LastUpgradeCheck = 1340;
				TargetAttributes = {
					8A225B4528AA66ED00FBE1E4 = {
						CreatedOnToolsVersion = 13.4.1;
					};
				};
			};
			buildConfigurationList = 8A225B4128AA66ED00FBE1E4 /* Build configuration list for PBXProject "iOS6-HW26-DmitryDorodniy" */;
			compatibilityVersion = "Xcode 13.0";
			developmentRegion = en;
			hasScannedForEncodings = 0;
			knownRegions = (
				en,
				Base,
			);
			mainGroup = 8A225B3D28AA66ED00FBE1E4;
			packageReferences = (
				8A225B6628ABCF1C00FBE1E4 /* XCRemoteSwiftPackageReference "SnapKit" */,
			);
			productRefGroup = 8A225B4728AA66ED00FBE1E4 /* Products */;
			projectDirPath = "";
			projectRoot = "";
			targets = (
				8A225B4528AA66ED00FBE1E4 /* iOS6-HW26-DmitryDorodniy */,
			);
		};
/* End PBXProject section */

/* Begin PBXResourcesBuildPhase section */
		8A225B4428AA66ED00FBE1E4 /* Resources */ = {
			isa = PBXResourcesBuildPhase;
			buildActionMask = 2147483647;
			files = (
				8A225B5928AA66EE00FBE1E4 /* LaunchScreen.storyboard in Resources */,
				8A225B5628AA66EE00FBE1E4 /* Assets.xcassets in Resources */,
			);
			runOnlyForDeploymentPostprocessing = 0;
		};
/* End PBXResourcesBuildPhase section */

/* Begin PBXSourcesBuildPhase section */
		8A225B4228AA66ED00FBE1E4 /* Sources */ = {
			isa = PBXSourcesBuildPhase;
			buildActionMask = 2147483647;
			files = (
				8AF1791D28BBF5E50046FBA7 /* UIImage+Ext.swift in Sources */,
				8A366F9B28BAAEC9004457D1 /* Person+CoreDataProperties.swift in Sources */,
				8A366F7528AE402F004457D1 /* TextField+Ext.swift in Sources */,
				8A225B5428AA66ED00FBE1E4 /* PersonModel.xcdatamodeld in Sources */,
				8A225B4E28AA66ED00FBE1E4 /* MainViewController.swift in Sources */,
				8A225B4A28AA66ED00FBE1E4 /* AppDelegate.swift in Sources */,
				8A366F8328B3DD72004457D1 /* Person+CoreDataClass.swift in Sources */,
				8A366F9528B9660E004457D1 /* Date+String+Ext.swift in Sources */,
				8A366F9728BA3107004457D1 /* MainPresenter.swift in Sources */,
				8A366F9328B8A723004457D1 /* StorageManager.swift in Sources */,
				8A366F9D28BABDC4004457D1 /* DetailPresenter.swift in Sources */,
				8AE778CE28BBB1AF00414BD4 /* Router.swift in Sources */,
				8A225B6528AAB0CB00FBE1E4 /* DetailViewController.swift in Sources */,
				8AE778CA28BB987700414BD4 /* Assembly.swift in Sources */,
				8AF1791B28BBF59F0046FBA7 /* UIViewConroller+Ext.swift in Sources */,
			);
			runOnlyForDeploymentPostprocessing = 0;
		};
/* End PBXSourcesBuildPhase section */

/* Begin PBXVariantGroup section */
		8A225B5728AA66EE00FBE1E4 /* LaunchScreen.storyboard */ = {
			isa = PBXVariantGroup;
			children = (
				8A225B5828AA66EE00FBE1E4 /* Base */,
			);
			name = LaunchScreen.storyboard;
			sourceTree = "<group>";
		};
/* End PBXVariantGroup section */

/* Begin XCBuildConfiguration section */
		8A225B5B28AA66EE00FBE1E4 /* Debug */ = {
			isa = XCBuildConfiguration;
			buildSettings = {
				ALWAYS_SEARCH_USER_PATHS = NO;
				CLANG_ANALYZER_NONNULL = YES;
				CLANG_ANALYZER_NUMBER_OBJECT_CONVERSION = YES_AGGRESSIVE;
				CLANG_CXX_LANGUAGE_STANDARD = "gnu++17";
				CLANG_ENABLE_MODULES = YES;
				CLANG_ENABLE_OBJC_ARC = YES;
				CLANG_ENABLE_OBJC_WEAK = YES;
				CLANG_WARN_BLOCK_CAPTURE_AUTORELEASING = YES;
				CLANG_WARN_BOOL_CONVERSION = YES;
				CLANG_WARN_COMMA = YES;
				CLANG_WARN_CONSTANT_CONVERSION = YES;
				CLANG_WARN_DEPRECATED_OBJC_IMPLEMENTATIONS = YES;
				CLANG_WARN_DIRECT_OBJC_ISA_USAGE = YES_ERROR;
				CLANG_WARN_DOCUMENTATION_COMMENTS = YES;
				CLANG_WARN_EMPTY_BODY = YES;
				CLANG_WARN_ENUM_CONVERSION = YES;
				CLANG_WARN_INFINITE_RECURSION = YES;
				CLANG_WARN_INT_CONVERSION = YES;
				CLANG_WARN_NON_LITERAL_NULL_CONVERSION = YES;
				CLANG_WARN_OBJC_IMPLICIT_RETAIN_SELF = YES;
				CLANG_WARN_OBJC_LITERAL_CONVERSION = YES;
				CLANG_WARN_OBJC_ROOT_CLASS = YES_ERROR;
				CLANG_WARN_QUOTED_INCLUDE_IN_FRAMEWORK_HEADER = YES;
				CLANG_WARN_RANGE_LOOP_ANALYSIS = YES;
				CLANG_WARN_STRICT_PROTOTYPES = YES;
				CLANG_WARN_SUSPICIOUS_MOVE = YES;
				CLANG_WARN_UNGUARDED_AVAILABILITY = YES_AGGRESSIVE;
				CLANG_WARN_UNREACHABLE_CODE = YES;
				CLANG_WARN__DUPLICATE_METHOD_MATCH = YES;
				COPY_PHASE_STRIP = NO;
				DEBUG_INFORMATION_FORMAT = dwarf;
				ENABLE_STRICT_OBJC_MSGSEND = YES;
				ENABLE_TESTABILITY = YES;
				GCC_C_LANGUAGE_STANDARD = gnu11;
				GCC_DYNAMIC_NO_PIC = NO;
				GCC_NO_COMMON_BLOCKS = YES;
				GCC_OPTIMIZATION_LEVEL = 0;
				GCC_PREPROCESSOR_DEFINITIONS = (
					"DEBUG=1",
					"$(inherited)",
				);
				GCC_WARN_64_TO_32_BIT_CONVERSION = YES;
				GCC_WARN_ABOUT_RETURN_TYPE = YES_ERROR;
				GCC_WARN_UNDECLARED_SELECTOR = YES;
				GCC_WARN_UNINITIALIZED_AUTOS = YES_AGGRESSIVE;
				GCC_WARN_UNUSED_FUNCTION = YES;
				GCC_WARN_UNUSED_VARIABLE = YES;
				IPHONEOS_DEPLOYMENT_TARGET = 15.5;
				MTL_ENABLE_DEBUG_INFO = INCLUDE_SOURCE;
				MTL_FAST_MATH = YES;
				ONLY_ACTIVE_ARCH = YES;
				SDKROOT = iphoneos;
				SWIFT_ACTIVE_COMPILATION_CONDITIONS = DEBUG;
				SWIFT_OPTIMIZATION_LEVEL = "-Onone";
			};
			name = Debug;
		};
		8A225B5C28AA66EE00FBE1E4 /* Release */ = {
			isa = XCBuildConfiguration;
			buildSettings = {
				ALWAYS_SEARCH_USER_PATHS = NO;
				CLANG_ANALYZER_NONNULL = YES;
				CLANG_ANALYZER_NUMBER_OBJECT_CONVERSION = YES_AGGRESSIVE;
				CLANG_CXX_LANGUAGE_STANDARD = "gnu++17";
				CLANG_ENABLE_MODULES = YES;
				CLANG_ENABLE_OBJC_ARC = YES;
				CLANG_ENABLE_OBJC_WEAK = YES;
				CLANG_WARN_BLOCK_CAPTURE_AUTORELEASING = YES;
				CLANG_WARN_BOOL_CONVERSION = YES;
				CLANG_WARN_COMMA = YES;
				CLANG_WARN_CONSTANT_CONVERSION = YES;
				CLANG_WARN_DEPRECATED_OBJC_IMPLEMENTATIONS = YES;
				CLANG_WARN_DIRECT_OBJC_ISA_USAGE = YES_ERROR;
				CLANG_WARN_DOCUMENTATION_COMMENTS = YES;
				CLANG_WARN_EMPTY_BODY = YES;
				CLANG_WARN_ENUM_CONVERSION = YES;
				CLANG_WARN_INFINITE_RECURSION = YES;
				CLANG_WARN_INT_CONVERSION = YES;
				CLANG_WARN_NON_LITERAL_NULL_CONVERSION = YES;
				CLANG_WARN_OBJC_IMPLICIT_RETAIN_SELF = YES;
				CLANG_WARN_OBJC_LITERAL_CONVERSION = YES;
				CLANG_WARN_OBJC_ROOT_CLASS = YES_ERROR;
				CLANG_WARN_QUOTED_INCLUDE_IN_FRAMEWORK_HEADER = YES;
				CLANG_WARN_RANGE_LOOP_ANALYSIS = YES;
				CLANG_WARN_STRICT_PROTOTYPES = YES;
				CLANG_WARN_SUSPICIOUS_MOVE = YES;
				CLANG_WARN_UNGUARDED_AVAILABILITY = YES_AGGRESSIVE;
				CLANG_WARN_UNREACHABLE_CODE = YES;
				CLANG_WARN__DUPLICATE_METHOD_MATCH = YES;
				COPY_PHASE_STRIP = NO;
				DEBUG_INFORMATION_FORMAT = "dwarf-with-dsym";
				ENABLE_NS_ASSERTIONS = NO;
				ENABLE_STRICT_OBJC_MSGSEND = YES;
				GCC_C_LANGUAGE_STANDARD = gnu11;
				GCC_NO_COMMON_BLOCKS = YES;
				GCC_WARN_64_TO_32_BIT_CONVERSION = YES;
				GCC_WARN_ABOUT_RETURN_TYPE = YES_ERROR;
				GCC_WARN_UNDECLARED_SELECTOR = YES;
				GCC_WARN_UNINITIALIZED_AUTOS = YES_AGGRESSIVE;
				GCC_WARN_UNUSED_FUNCTION = YES;
				GCC_WARN_UNUSED_VARIABLE = YES;
				IPHONEOS_DEPLOYMENT_TARGET = 15.5;
				MTL_ENABLE_DEBUG_INFO = NO;
				MTL_FAST_MATH = YES;
				SDKROOT = iphoneos;
				SWIFT_COMPILATION_MODE = wholemodule;
				SWIFT_OPTIMIZATION_LEVEL = "-O";
				VALIDATE_PRODUCT = YES;
			};
			name = Release;
		};
		8A225B5E28AA66EE00FBE1E4 /* Debug */ = {
			isa = XCBuildConfiguration;
			buildSettings = {
				ASSETCATALOG_COMPILER_APPICON_NAME = AppIcon;
				ASSETCATALOG_COMPILER_GLOBAL_ACCENT_COLOR_NAME = AccentColor;
				CODE_SIGN_STYLE = Automatic;
				CURRENT_PROJECT_VERSION = 1;
				DEVELOPMENT_TEAM = JZ3AHZ382V;
				GENERATE_INFOPLIST_FILE = YES;
				INFOPLIST_FILE = "iOS6-HW26-DmitryDorodniy/resource/Info.plist";
				INFOPLIST_KEY_UIApplicationSupportsIndirectInputEvents = YES;
				INFOPLIST_KEY_UILaunchStoryboardName = LaunchScreen;
				INFOPLIST_KEY_UISupportedInterfaceOrientations_iPad = "UIInterfaceOrientationPortrait UIInterfaceOrientationPortraitUpsideDown UIInterfaceOrientationLandscapeLeft UIInterfaceOrientationLandscapeRight";
				INFOPLIST_KEY_UISupportedInterfaceOrientations_iPhone = "UIInterfaceOrientationPortrait UIInterfaceOrientationLandscapeLeft UIInterfaceOrientationLandscapeRight";
				LD_RUNPATH_SEARCH_PATHS = (
					"$(inherited)",
					"@executable_path/Frameworks",
				);
				MARKETING_VERSION = 1.0;
				PRODUCT_BUNDLE_IDENTIFIER = "com.dorodniy.iOS6-HW26-DmitryDorodniy";
				PRODUCT_NAME = "$(TARGET_NAME)";
				SWIFT_EMIT_LOC_STRINGS = YES;
				SWIFT_VERSION = 5.0;
				TARGETED_DEVICE_FAMILY = 1;
			};
			name = Debug;
		};
		8A225B5F28AA66EE00FBE1E4 /* Release */ = {
			isa = XCBuildConfiguration;
			buildSettings = {
				ASSETCATALOG_COMPILER_APPICON_NAME = AppIcon;
				ASSETCATALOG_COMPILER_GLOBAL_ACCENT_COLOR_NAME = AccentColor;
				CODE_SIGN_STYLE = Automatic;
				CURRENT_PROJECT_VERSION = 1;
				DEVELOPMENT_TEAM = JZ3AHZ382V;
				GENERATE_INFOPLIST_FILE = YES;
				INFOPLIST_FILE = "iOS6-HW26-DmitryDorodniy/resource/Info.plist";
				INFOPLIST_KEY_UIApplicationSupportsIndirectInputEvents = YES;
				INFOPLIST_KEY_UILaunchStoryboardName = LaunchScreen;
				INFOPLIST_KEY_UISupportedInterfaceOrientations_iPad = "UIInterfaceOrientationPortrait UIInterfaceOrientationPortraitUpsideDown UIInterfaceOrientationLandscapeLeft UIInterfaceOrientationLandscapeRight";
				INFOPLIST_KEY_UISupportedInterfaceOrientations_iPhone = "UIInterfaceOrientationPortrait UIInterfaceOrientationLandscapeLeft UIInterfaceOrientationLandscapeRight";
				LD_RUNPATH_SEARCH_PATHS = (
					"$(inherited)",
					"@executable_path/Frameworks",
				);
				MARKETING_VERSION = 1.0;
				PRODUCT_BUNDLE_IDENTIFIER = "com.dorodniy.iOS6-HW26-DmitryDorodniy";
				PRODUCT_NAME = "$(TARGET_NAME)";
				SWIFT_EMIT_LOC_STRINGS = YES;
				SWIFT_VERSION = 5.0;
				TARGETED_DEVICE_FAMILY = 1;
			};
			name = Release;
		};
/* End XCBuildConfiguration section */

/* Begin XCConfigurationList section */
		8A225B4128AA66ED00FBE1E4 /* Build configuration list for PBXProject "iOS6-HW26-DmitryDorodniy" */ = {
			isa = XCConfigurationList;
			buildConfigurations = (
				8A225B5B28AA66EE00FBE1E4 /* Debug */,
				8A225B5C28AA66EE00FBE1E4 /* Release */,
			);
			defaultConfigurationIsVisible = 0;
			defaultConfigurationName = Release;
		};
		8A225B5D28AA66EE00FBE1E4 /* Build configuration list for PBXNativeTarget "iOS6-HW26-DmitryDorodniy" */ = {
			isa = XCConfigurationList;
			buildConfigurations = (
				8A225B5E28AA66EE00FBE1E4 /* Debug */,
				8A225B5F28AA66EE00FBE1E4 /* Release */,
			);
			defaultConfigurationIsVisible = 0;
			defaultConfigurationName = Release;
		};
/* End XCConfigurationList section */

/* Begin XCRemoteSwiftPackageReference section */
		8A225B6628ABCF1C00FBE1E4 /* XCRemoteSwiftPackageReference "SnapKit" */ = {
			isa = XCRemoteSwiftPackageReference;
			repositoryURL = "https://github.com/SnapKit/SnapKit.git";
			requirement = {
				kind = upToNextMajorVersion;
				minimumVersion = 5.0.1;
			};
		};
/* End XCRemoteSwiftPackageReference section */

/* Begin XCSwiftPackageProductDependency section */
		8A225B6728ABCF1C00FBE1E4 /* SnapKit */ = {
			isa = XCSwiftPackageProductDependency;
			package = 8A225B6628ABCF1C00FBE1E4 /* XCRemoteSwiftPackageReference "SnapKit" */;
			productName = SnapKit;
		};
/* End XCSwiftPackageProductDependency section */

/* Begin XCVersionGroup section */
		8A225B5228AA66ED00FBE1E4 /* PersonModel.xcdatamodeld */ = {
			isa = XCVersionGroup;
			children = (
				8A225B5328AA66ED00FBE1E4 /* iOS6_HW26_DmitryDorodniy.xcdatamodel */,
			);
			currentVersion = 8A225B5328AA66ED00FBE1E4 /* iOS6_HW26_DmitryDorodniy.xcdatamodel */;
			path = PersonModel.xcdatamodeld;
			sourceTree = "<group>";
			versionGroupType = wrapper.xcdatamodel;
		};
/* End XCVersionGroup section */
	};
	rootObject = 8A225B3E28AA66ED00FBE1E4 /* Project object */;
}
